
Microsoft Visual Studio Solution File, Format Version 12.00
# Visual Studio 15
VisualStudioVersion = 15.0.28307.421
MinimumVisualStudioVersion = 10.0.40219.1
Project("{FAE04EC0-301F-11D3-BF4B-00C04F79EFBC}") = "ADONetdisconnected", "ADONetdisconnected\ADONetdisconnected.csproj", "{FC804693-66C4-44C7-8425-B098468949E7}"
EndProject
Global
	GlobalSection(SolutionConfigurationPlatforms) = preSolution
		Debug|Any CPU = Debug|Any CPU
		Release|Any CPU = Release|Any CPU
	EndGlobalSection
	GlobalSection(ProjectConfigurationPlatforms) = postSolution
		{FC804693-66C4-44C7-8425-B098468949E7}.Debug|Any CPU.ActiveCfg = Debug|Any CPU
		{FC804693-66C4-44C7-8425-B098468949E7}.Debug|Any CPU.Build.0 = Debug|Any CPU
		{FC804693-66C4-44C7-8425-B098468949E7}.Release|Any CPU.ActiveCfg = Release|Any CPU
		{FC804693-66C4-44C7-8425-B098468949E7}.Release|Any CPU.Build.0 = Release|Any CPU
	EndGlobalSection
	GlobalSection(SolutionProperties) = preSolution
		HideSolutionNode = FALSE
	EndGlobalSection
	GlobalSection(ExtensibilityGlobals) = postSolution
		SolutionGuid = {98266123-D5D1-4A0D-B93B-767DD4C47C76}
	EndGlobalSection
EndGlobal
