
Microsoft Visual Studio Solution File, Format Version 12.00
# Visual Studio 15
VisualStudioVersion = 15.0.28307.421
MinimumVisualStudioVersion = 10.0.40219.1
Project("{FAE04EC0-301F-11D3-BF4B-00C04F79EFBC}") = "CollectionTesting", "CollectionTesting\CollectionTesting.csproj", "{8E9E617D-E1ED-4A5E-8FE0-46373AEF2AF6}"
EndProject
Global
	GlobalSection(SolutionConfigurationPlatforms) = preSolution
		Debug|Any CPU = Debug|Any CPU
		Release|Any CPU = Release|Any CPU
	EndGlobalSection
	GlobalSection(ProjectConfigurationPlatforms) = postSolution
		{8E9E617D-E1ED-4A5E-8FE0-46373AEF2AF6}.Debug|Any CPU.ActiveCfg = Debug|Any CPU
		{8E9E617D-E1ED-4A5E-8FE0-46373AEF2AF6}.Debug|Any CPU.Build.0 = Debug|Any CPU
		{8E9E617D-E1ED-4A5E-8FE0-46373AEF2AF6}.Release|Any CPU.ActiveCfg = Release|Any CPU
		{8E9E617D-E1ED-4A5E-8FE0-46373AEF2AF6}.Release|Any CPU.Build.0 = Release|Any CPU
	EndGlobalSection
	GlobalSection(SolutionProperties) = preSolution
		HideSolutionNode = FALSE
	EndGlobalSection
	GlobalSection(ExtensibilityGlobals) = postSolution
		SolutionGuid = {7EE8D138-B085-428C-A08F-2E8142D832CA}
	EndGlobalSection
EndGlobal
